{
  "name": "open-ried-sens-archive-worker",
  "lockfileVersion": 3,
  "requires": true,
  "packages": {
    "": {
      "name": "open-ried-sens-archive-worker",
      "dependencies": {
        "pg": "^8.16.3",
        "pg-query-stream": "^4.10.3",
        "uploadthing": "^7.7.4",
        "yazl": "^3.3.1"
      },
      "engines": {
        "node": ">=22"
      }
    },
    "node_modules/@effect/platform": {
      "version": "0.90.3",
      "resolved": "https://registry.npmjs.org/@effect/platform/-/platform-0.90.3.tgz",
      "integrity": "sha512-XvQ37yzWQKih4Du2CYladd1i/MzqtgkTPNCaN6Ku6No4CK83hDtXIV/rP03nEoBg2R3Pqgz6gGWmE2id2G81HA==",
      "license": "MIT",
      "dependencies": {
        "@opentelemetry/semantic-conventions": "^1.33.0",
        "find-my-way-ts": "^0.1.6",
        "msgpackr": "^1.11.4",
        "multipasta": "^0.2.7"
      },
      "peerDependencies": {
        "effect": "^3.17.7"
      }
    },
    "node_modules/@msgpackr-extract/msgpackr-extract-darwin-arm64": {
      "version": "3.0.4",
      "resolved": "https://registry.npmjs.org/@msgpackr-extract/msgpackr-extract-darwin-arm64/-/msgpackr-extract-darwin-arm64-3.0.4.tgz",
      "integrity": "sha512-LCkGo6JDfaBhgST7UpPWgNgLINpcpabaHfyz5OBx75nUYxBsaEPxjnyNjWpeb/xBup/682QnBfRBy2/LvPutZQ==",
      "cpu": [
        "arm64"
      ],
      "license": "MIT",
      "optional": true,
      "os": [
        "darwin"
      ]
    },
    "node_modules/@msgpackr-extract/msgpackr-extract-darwin-x64": {
      "version": "3.0.4",
      "resolved": "https://registry.npmjs.org/@msgpackr-extract/msgpackr-extract-darwin-x64/-/msgpackr-extract-darwin-x64-3.0.4.tgz",
      "integrity": "sha512-zExlW9zUJKZH/tOtVMttwjKa4Xm/3KcNjnE3dPN92uCktwavMxpgCA3MoJK/DOnTWsQgo224OaST27/mPNAf+w==",
      "cpu": [
        "x64"
      ],
      "license": "MIT",
      "optional": true,
      "os": [
        "darwin"
      ]
    },
    "node_modules/@msgpackr-extract/msgpackr-extract-linux-arm": {
      "version": "3.0.4",
      "resolved": "https://registry.npmjs.org/@msgpackr-extract/msgpackr-extract-linux-arm/-/msgpackr-extract-linux-arm-3.0.4.tgz",
      "integrity": "sha512-Tg3yX65f5GbtXLkrYEHE5oibZG9epyYWas7FogTTEJeDEF9JlXJzKgXaNhT3UXlTOeA+AfZpYZYZ0uPj7Cfquw==",
      "cpu": [
        "arm"
      ],
      "license": "MIT",
      "optional": true,
      "os": [
        "linux"
      ]
    },
    "node_modules/@msgpackr-extract/msgpackr-extract-linux-arm64": {
      "version": "3.0.4",
      "resolved": "https://registry.npmjs.org/@msgpackr-extract/msgpackr-extract-linux-arm64/-/msgpackr-extract-linux-arm64-3.0.4.tgz",
      "integrity": "sha512-dgX0P/9wGPJeHFBG+ZmhgE6bmtMt7NP5CRBGyyktpopdk/mW4POnrpQsSLtKI1dwpc+pPLuXHDh6vvskyQE/sw==",
      "cpu": [
        "arm64"
      ],
      "license": "MIT",
      "optional": true,
      "os": [
        "linux"
      ]
    },
    "node_modules/@msgpackr-extract/msgpackr-extract-linux-x64": {
      "version": "3.0.4",
      "resolved": "https://registry.npmjs.org/@msgpackr-extract/msgpackr-extract-linux-x64/-/msgpackr-extract-linux-x64-3.0.4.tgz",
      "integrity": "sha512-8TNXMEjJc3QEy7R/x1INhgiU+XakDAFUzBhaz7+Rbrs8NH5UQeHQxxmzsSBJGyV6I1jW79undiQm8tOI+D+8FQ==",
      "cpu": [
        "x64"
      ],
      "license": "MIT",
      "optional": true,
      "os": [
        "linux"
      ]
    },
    "node_modules/@msgpackr-extract/msgpackr-extract-win32-x64": {
      "version": "3.0.4",
      "resolved": "https://registry.npmjs.org/@msgpackr-extract/msgpackr-extract-win32-x64/-/msgpackr-extract-win32-x64-3.0.4.tgz",
      "integrity": "sha512-CmCXPQrkbwExx3j946/PtHWHbYJiCRBRDl4BlkRQcJB/YOwQxJRTpoo7aTsortjgoJ1x7opzTSxn7C+ASSLVjQ==",
      "cpu": [
        "x64"
      ],
      "license": "MIT",
      "optional": true,
      "os": [
        "win32"
      ]
    },
    "node_modules/@opentelemetry/semantic-conventions": {
      "version": "1.43.0",
      "resolved": "https://registry.npmjs.org/@opentelemetry/semantic-conventions/-/semantic-conventions-1.43.0.tgz",
      "integrity": "sha512-eSYWTm620tTk45EKSedaUL8MFYI8hW164hIXsgIHyxu3VobUB3fFCu5t0hQby6OoWRPsG1KkKUG2M5UadiLiVg==",
      "license": "Apache-2.0",
      "engines": {
        "node": ">=14"
      }
    },
    "node_modules/@standard-schema/spec": {
      "version": "1.0.0-beta.4",
      "resolved": "https://registry.npmjs.org/@standard-schema/spec/-/spec-1.0.0-beta.4.tgz",
      "integrity": "sha512-d3IxtzLo7P1oZ8s8YNvxzBUXRXojSut8pbPrTYtzsc5sn4+53jVqbk66pQerSZbZSJZQux6LkclB/+8IDordHg==",
      "license": "MIT"
    },
    "node_modules/@uploadthing/mime-types": {
      "version": "0.3.6",
      "resolved": "https://registry.npmjs.org/@uploadthing/mime-types/-/mime-types-0.3.6.tgz",
      "integrity": "sha512-t3tTzgwFV9+1D7lNDYc7Lr7kBwotHaX0ZsvoCGe7xGnXKo9z0jG2Sjl/msll12FeoLj77nyhsxevXyGpQDBvLg==",
      "license": "MIT"
    },
    "node_modules/@uploadthing/shared": {
      "version": "7.1.10",
      "resolved": "https://registry.npmjs.org/@uploadthing/shared/-/shared-7.1.10.tgz",
      "integrity": "sha512-R/XSA3SfCVnLIzFpXyGaKPfbwlYlWYSTuGjTFHuJhdAomuBuhopAHLh2Ois5fJibAHzi02uP1QCKbgTAdmArqg==",
      "license": "MIT",
      "dependencies": {
        "@uploadthing/mime-types": "0.3.6",
        "effect": "3.17.7",
        "sqids": "^0.3.0"
      }
    },
    "node_modules/buffer-crc32": {
      "version": "1.0.0",
      "resolved": "https://registry.npmjs.org/buffer-crc32/-/buffer-crc32-1.0.0.tgz",
      "integrity": "sha512-Db1SbgBS/fg/392AblrMJk97KggmvYhr4pB5ZIMTWtaivCPMWLkmb7m21cJvpvgK+J3nsU2CmmixNBZx4vFj/w==",
      "license": "MIT",
      "engines": {
        "node": ">=8.0.0"
      }
    },
    "node_modules/detect-libc": {
      "version": "2.1.2",
      "resolved": "https://registry.npmjs.org/detect-libc/-/detect-libc-2.1.2.tgz",
      "integrity": "sha512-Btj2BOOO83o3WyH59e8MgXsxEQVcarkUOpEYrubB0urwnN10yQ364rsiByU11nZlqWYZm05i/of7io4mzihBtQ==",
      "license": "Apache-2.0",
      "optional": true,
      "engines": {
        "node": ">=8"
      }
    },
    "node_modules/effect": {
      "version": "3.22.2",
      "resolved": "https://registry.npmjs.org/effect/-/effect-3.22.2.tgz",
      "integrity": "sha512-fm1CQXCs7GTMwpadZxwU5rnAb2bN6mbQpknq/pXBGCzSKkosNYb9k0wsoL0TfB10rSa5xOEZJjo77u/KLXSANg==",
      "license": "MIT",
      "dependencies": {
        "@standard-schema/spec": "^1.0.0",
        "fast-check": "^3.23.1"
      }
    },
    "node_modules/effect/node_modules/@standard-schema/spec": {
      "version": "1.1.0",
      "resolved": "https://registry.npmjs.org/@standard-schema/spec/-/spec-1.1.0.tgz",
      "integrity": "sha512-l2aFy5jALhniG5HgqrD6jXLi/rUWrKvqN/qJx6yoJsgKhblVd+iqqU4RCXavm/jPityDo5TCvKMnpjKnOriy0w==",
      "license": "MIT"
    },
    "node_modules/fast-check": {
      "version": "3.23.2",
      "resolved": "https://registry.npmjs.org/fast-check/-/fast-check-3.23.2.tgz",
      "integrity": "sha512-h5+1OzzfCC3Ef7VbtKdcv7zsstUQwUDlYpUTvjeUsJAssPgLn7QzbboPtL5ro04Mq0rPOsMzl7q5hIbRs2wD1A==",
      "funding": [
        {
          "type": "individual",
          "url": "https://github.com/sponsors/dubzzz"
        },
        {
          "type": "opencollective",
          "url": "https://opencollective.com/fast-check"
        }
      ],
      "license": "MIT",
      "dependencies": {
        "pure-rand": "^6.1.0"
      },
      "engines": {
        "node": ">=8.0.0"
      }
    },
    "node_modules/find-my-way-ts": {
      "version": "0.1.6",
      "resolved": "https://registry.npmjs.org/find-my-way-ts/-/find-my-way-ts-0.1.6.tgz",
      "integrity": "sha512-a85L9ZoXtNAey3Y6Z+eBWW658kO/MwR7zIafkIUPUMf3isZG0NCs2pjW2wtjxAKuJPxMAsHUIP4ZPGv0o5gyTA==",
      "license": "MIT"
    },
    "node_modules/msgpackr": {
      "version": "1.12.1",
      "resolved": "https://registry.npmjs.org/msgpackr/-/msgpackr-1.12.1.tgz",
      "integrity": "sha512-4EUH9tQHnMmEgzW/MdAP0KIfa1T9AF+htl0ffe2n5vb2EKn9y2co8ccpgWko6S52Jy1PQZKwRnx5/KkYjtd9MQ==",
      "license": "MIT",
      "optionalDependencies": {
        "msgpackr-extract": "^3.0.2"
      }
    },
    "node_modules/msgpackr-extract": {
      "version": "3.0.4",
      "resolved": "https://registry.npmjs.org/msgpackr-extract/-/msgpackr-extract-3.0.4.tgz",
      "integrity": "sha512-4kmO/MdyUIkLIvTPr8VHLil4AtoKIoniWPIEk5+CDy0xnWC84azhSFmuJ7PxZdsYtiP5kEeQsORAVIeMgxT+Hw==",
      "hasInstallScript": true,
      "license": "MIT",
      "optional": true,
      "dependencies": {
        "node-gyp-build-optional-packages": "5.2.2"
      },
      "bin": {
        "download-msgpackr-prebuilds": "bin/download-prebuilds.js"
      },
      "optionalDependencies": {
        "@msgpackr-extract/msgpackr-extract-darwin-arm64": "3.0.4",
        "@msgpackr-extract/msgpackr-extract-darwin-x64": "3.0.4",
        "@msgpackr-extract/msgpackr-extract-linux-arm": "3.0.4",
        "@msgpackr-extract/msgpackr-extract-linux-arm64": "3.0.4",
        "@msgpackr-extract/msgpackr-extract-linux-x64": "3.0.4",
        "@msgpackr-extract/msgpackr-extract-win32-x64": "3.0.4"
      }
    },
    "node_modules/multipasta": {
      "version": "0.2.8",
      "resolved": "https://registry.npmjs.org/multipasta/-/multipasta-0.2.8.tgz",
      "integrity": "sha512-ZPWuMKyv0cSO29f7hozp+k6+crZbQijV8ipMvxNxRf2SwtYGTX1ZX89Kd20VV4H9Znonx+EQn+iy1wGQsJ+b+Q==",
      "license": "MIT"
    },
    "node_modules/node-gyp-build-optional-packages": {
      "version": "5.2.2",
      "resolved": "https://registry.npmjs.org/node-gyp-build-optional-packages/-/node-gyp-build-optional-packages-5.2.2.tgz",
      "integrity": "sha512-s+w+rBWnpTMwSFbaE0UXsRlg7hU4FjekKU4eyAih5T8nJuNZT1nNsskXpxmeqSK9UzkBl6UgRlnKc8hz8IEqOw==",
      "license": "MIT",
      "optional": true,
      "dependencies": {
        "detect-libc": "^2.0.1"
      },
      "bin": {
        "node-gyp-build-optional-packages": "bin.js",
        "node-gyp-build-optional-packages-optional": "optional.js",
        "node-gyp-build-optional-packages-test": "build-test.js"
      }
    },
    "node_modules/pg": {
      "version": "8.23.0",
      "resolved": "https://registry.npmjs.org/pg/-/pg-8.23.0.tgz",
      "integrity": "sha512-Ip2EQCngowJLGOfCwkFhPXU7/ljlhn6Rxlmy4XYfL2Y+vyRM59+8uR2xqRWKdYmbXmxCFOAmKxBuSUCdF34qLg==",
      "license": "MIT",
      "dependencies": {
        "pg-connection-string": "^2.14.0",
        "pg-pool": "^3.14.0",
        "pg-protocol": "^1.16.0",
        "pg-types": "2.2.0",
        "pgpass": "1.0.5"
      },
      "engines": {
        "node": ">= 16.0.0"
      },
      "optionalDependencies": {
        "pg-cloudflare": "^1.4.0"
      },
      "peerDependencies": {
        "pg-native": ">=3.0.1"
      },
      "peerDependenciesMeta": {
        "pg-native": {
          "optional": true
        }
      }
    },
    "node_modules/pg-cloudflare": {
      "version": "1.4.0",
      "resolved": "https://registry.npmjs.org/pg-cloudflare/-/pg-cloudflare-1.4.0.tgz",
      "integrity": "sha512-Vo7z/6rrQYxpNRylp4Tlob2elzbh+N/MOQbxFVWCxS7oEx6jF53GTJFxK2WWpKuBRkmiin4Mt+xofFDjx09R0A==",
      "license": "MIT",
      "optional": true
    },
    "node_modules/pg-connection-string": {
      "version": "2.14.0",
      "resolved": "https://registry.npmjs.org/pg-connection-string/-/pg-connection-string-2.14.0.tgz",
      "integrity": "sha512-XwWDGcLRGCXAR8F/AM5bG7Q+A3Wm2s6QeEjlOKZLlH3UYcguiqCWKyWXVag5TLTIjR7oOJUY8kcADaZgWPyLeg==",
      "license": "MIT"
    },
    "node_modules/pg-cursor": {
      "version": "2.22.0",
      "resolved": "https://registry.npmjs.org/pg-cursor/-/pg-cursor-2.22.0.tgz",
      "integrity": "sha512-knzXLKqarTjOvb3qDSW0JiGsazmxwEKXrqHfWRte7XUsOYccQRafn3BLnQobWwInkzFJSyOej8y8cQRh2z3kGw==",
      "license": "MIT",
      "peerDependencies": {
        "pg": "^8"
      }
    },
    "node_modules/pg-int8": {
      "version": "1.0.1",
      "resolved": "https://registry.npmjs.org/pg-int8/-/pg-int8-1.0.1.tgz",
      "integrity": "sha512-WCtabS6t3c8SkpDBUlb1kjOs7l66xsGdKpIPZsg4wR+B3+u9UAum2odSsF9tnvxg80h4ZxLWMy4pRjOsFIqQpw==",
      "license": "ISC",
      "engines": {
        "node": ">=4.0.0"
      }
    },
    "node_modules/pg-pool": {
      "version": "3.14.0",
      "resolved": "https://registry.npmjs.org/pg-pool/-/pg-pool-3.14.0.tgz",
      "integrity": "sha512-gKtPkFdQPU3DksooVLi9LsjZxrsBUZIpa+7aVx+LV5pNh0KzP4Zleud2po+ConrxbuXGBJ6Hfer6hdgpIBpBaw==",
      "license": "MIT",
      "peerDependencies": {
        "pg": ">=8.0"
      }
    },
    "node_modules/pg-protocol": {
      "version": "1.16.0",
      "resolved": "https://registry.npmjs.org/pg-protocol/-/pg-protocol-1.16.0.tgz",
      "integrity": "sha512-sILXutLVjCLjcDuOmvhX5e2Z4cS5qG/6Bu3VkpFwdf/633ElGLpEh9bgmuI5I4sqKqkifQiGyiCcx1HdtrK7tg==",
      "license": "MIT"
    },
    "node_modules/pg-query-stream": {
      "version": "4.17.0",
      "resolved": "https://registry.npmjs.org/pg-query-stream/-/pg-query-stream-4.17.0.tgz",
      "integrity": "sha512-69bug2CH/AJi1BN8r08eZ8tAGdbZZVp9kB0FG9OC2VkJPHIyj7d3Nk9V8tmporO60wqeWvhn7qtQ5oNimwlFug==",
      "license": "MIT",
      "dependencies": {
        "pg-cursor": "^2.22.0"
      },
      "peerDependencies": {
        "pg": "^8"
      }
    },
    "node_modules/pg-types": {
      "version": "2.2.0",
      "resolved": "https://registry.npmjs.org/pg-types/-/pg-types-2.2.0.tgz",
      "integrity": "sha512-qTAAlrEsl8s4OiEQY69wDvcMIdQN6wdz5ojQiOy6YRMuynxenON0O5oCpJI6lshc6scgAY8qvJ2On/p+CXY0GA==",
      "license": "MIT",
      "dependencies": {
        "pg-int8": "1.0.1",
        "postgres-array": "~2.0.0",
        "postgres-bytea": "~1.0.0",
        "postgres-date": "~1.0.4",
        "postgres-interval": "^1.1.0"
      },
      "engines": {
        "node": ">=4"
      }
    },
    "node_modules/pgpass": {
      "version": "1.0.5",
      "resolved": "https://registry.npmjs.org/pgpass/-/pgpass-1.0.5.tgz",
      "integrity": "sha512-FdW9r/jQZhSeohs1Z3sI1yxFQNFvMcnmfuj4WBMUTxOrAyLMaTcE1aAMBiTlbMNaXvBCQuVi0R7hd8udDSP7ug==",
      "license": "MIT",
      "dependencies": {
        "split2": "^4.1.0"
      }
    },
    "node_modules/postgres-array": {
      "version": "2.0.0",
      "resolved": "https://registry.npmjs.org/postgres-array/-/postgres-array-2.0.0.tgz",
      "integrity": "sha512-VpZrUqU5A69eQyW2c5CA1jtLecCsN2U/bD6VilrFDWq5+5UIEVO7nazS3TEcHf1zuPYO/sqGvUvW62g86RXZuA==",
      "license": "MIT",
      "engines": {
        "node": ">=4"
      }
    },
    "node_modules/postgres-bytea": {
      "version": "1.0.1",
      "resolved": "https://registry.npmjs.org/postgres-bytea/-/postgres-bytea-1.0.1.tgz",
      "integrity": "sha512-5+5HqXnsZPE65IJZSMkZtURARZelel2oXUEO8rH83VS/hxH5vv1uHquPg5wZs8yMAfdv971IU+kcPUczi7NVBQ==",
      "license": "MIT",
      "engines": {
        "node": ">=0.10.0"
      }
    },
    "node_modules/postgres-date": {
      "version": "1.0.7",
      "resolved": "https://registry.npmjs.org/postgres-date/-/postgres-date-1.0.7.tgz",
      "integrity": "sha512-suDmjLVQg78nMK2UZ454hAG+OAW+HQPZ6n++TNDUX+L0+uUlLywnoxJKDou51Zm+zTCjrCl0Nq6J9C5hP9vK/Q==",
      "license": "MIT",
      "engines": {
        "node": ">=0.10.0"
      }
    },
    "node_modules/postgres-interval": {
      "version": "1.2.0",
      "resolved": "https://registry.npmjs.org/postgres-interval/-/postgres-interval-1.2.0.tgz",
      "integrity": "sha512-9ZhXKM/rw350N1ovuWHbGxnGh/SNJ4cnxHiM0rxE4VN41wsg8P8zWn9hv/buK00RP4WvlOyr/RBDiptyxVbkZQ==",
      "license": "MIT",
      "dependencies": {
        "xtend": "^4.0.0"
      },
      "engines": {
        "node": ">=0.10.0"
      }
    },
    "node_modules/pure-rand": {
      "version": "6.1.0",
      "resolved": "https://registry.npmjs.org/pure-rand/-/pure-rand-6.1.0.tgz",
      "integrity": "sha512-bVWawvoZoBYpp6yIoQtQXHZjmz35RSVHnUOTefl8Vcjr8snTPY1wnpSPMWekcFwbxI6gtmT7rSYPFvz71ldiOA==",
      "funding": [
        {
          "type": "individual",
          "url": "https://github.com/sponsors/dubzzz"
        },
        {
          "type": "opencollective",
          "url": "https://opencollective.com/fast-check"
        }
      ],
      "license": "MIT"
    },
    "node_modules/split2": {
      "version": "4.2.0",
      "resolved": "https://registry.npmjs.org/split2/-/split2-4.2.0.tgz",
      "integrity": "sha512-UcjcJOWknrNkF6PLX83qcHM6KHgVKNkV62Y8a5uYDVv9ydGQVwAHMKqHdJje1VTWpljG0WYpCDhrCdAOYH4TWg==",
      "license": "ISC",
      "engines": {
        "node": ">= 10.x"
      }
    },
    "node_modules/sqids": {
      "version": "0.3.0",
      "resolved": "https://registry.npmjs.org/sqids/-/sqids-0.3.0.tgz",
      "integrity": "sha512-lOQK1ucVg+W6n3FhRwwSeUijxe93b51Bfz5PMRMihVf1iVkl82ePQG7V5vwrhzB11v0NtsR25PSZRGiSomJaJw==",
      "license": "MIT"
    },
    "node_modules/uploadthing": {
      "version": "7.7.4",
      "resolved": "https://registry.npmjs.org/uploadthing/-/uploadthing-7.7.4.tgz",
      "integrity": "sha512-rlK/4JWHW5jP30syzWGBFDDXv3WJDdT8gn9OoxRJmXLoXi94hBmyyjxihGlNrKhBc81czyv8TkzMioe/OuKGfA==",
      "license": "MIT",
      "dependencies": {
        "@effect/platform": "0.90.3",
        "@standard-schema/spec": "1.0.0-beta.4",
        "@uploadthing/mime-types": "0.3.6",
        "@uploadthing/shared": "7.1.10",
        "effect": "3.17.7"
      },
      "engines": {
        "node": ">=18.13.0"
      },
      "peerDependencies": {
        "express": "*",
        "h3": "*",
        "tailwindcss": "^3.0.0 || ^4.0.0-beta.0"
      },
      "peerDependenciesMeta": {
        "express": {
          "optional": true
        },
        "fastify": {
          "optional": true
        },
        "h3": {
          "optional": true
        },
        "next": {
          "optional": true
        },
        "tailwindcss": {
          "optional": true
        }
      }
    },
    "node_modules/xtend": {
      "version": "4.0.2",
      "resolved": "https://registry.npmjs.org/xtend/-/xtend-4.0.2.tgz",
      "integrity": "sha512-LKYU1iAXJXUgAXn9URjiu+MWhyUXHsvfp7mcuYm9dSUKK0/CjtrUwFAxD82/mCWbtLsGjFIad0wIsod4zrTAEQ==",
      "license": "MIT",
      "engines": {
        "node": ">=0.4"
      }
    },
    "node_modules/yazl": {
      "version": "3.3.1",
      "resolved": "https://registry.npmjs.org/yazl/-/yazl-3.3.1.tgz",
      "integrity": "sha512-BbETDVWG+VcMUle37k5Fqp//7SDOK2/1+T7X8TD96M3D9G8jK5VLUdQVdVjGi8im7FGkazX7kk5hkU8X4L5Bng==",
      "license": "MIT",
      "dependencies": {
        "buffer-crc32": "^1.0.0"
      }
    }
  }
}
